
Microsoft Visual Studio Solution File, Format Version 12.00
# Visual Studio Version 16
VisualStudioVersion = 16.0.29609.76
MinimumVisualStudioVersion = 10.0.40219.1
Project("{9A19103F-16F7-4668-BE54-9A1E7A4F7556}") = "递归", "递归\递归.csproj", "{F501C887-7FDD-4D1A-9CD5-C586DC276F9E}"
EndProject
Project("{9A19103F-16F7-4668-BE54-9A1E7A4F7556}") = "控制台读取配置文件", "控制台读取配置文件\控制台读取配置文件.csproj", "{4E59DFCC-218B-4F0F-AA87-59C03C36C7A8}"
EndProject
Project("{9A19103F-16F7-4668-BE54-9A1E7A4F7556}") = "随机分配红包金额", "随机分配红包金额\随机分配红包金额.csproj", "{5AEB7BCE-A57C-4EEE-A1DF-21993DB410E5}"
EndProject
Project("{9A19103F-16F7-4668-BE54-9A1E7A4F7556}") = "ConsoleAppTest", "ConsoleAppTest\ConsoleAppTest.csproj", "{794E84D7-0D97-41FC-83DF-0787A41070B7}"
EndProject
Project("{9A19103F-16F7-4668-BE54-9A1E7A4F7556}") = "async_await", "async_await\async_await.csproj", "{3167CAD0-94F1-420C-8708-F28BC977E293}"
EndProject
Project("{9A19103F-16F7-4668-BE54-9A1E7A4F7556}") = "MemeryCacheApi", "MemeryCacheApi\MemeryCacheApi.csproj", "{3E7E044F-03F9-4A36-B05E-66EF754F5F77}"
EndProject
Project("{9A19103F-16F7-4668-BE54-9A1E7A4F7556}") = "myMLApp", "myMLApp\myMLApp.csproj", "{347BB900-FF76-4BB1-AFCA-608BEAFC02E2}"
EndProject
Project("{9A19103F-16F7-4668-BE54-9A1E7A4F7556}") = "LearnDemo3ML.Model", "LearnDemo3ML.Model\LearnDemo3ML.Model.csproj", "{8196666E-EC41-42C3-AB2A-BA647D1AD110}"
EndProject
Project("{9A19103F-16F7-4668-BE54-9A1E7A4F7556}") = "LearnDemo3ML.ConsoleApp", "LearnDemo3ML.ConsoleApp\LearnDemo3ML.ConsoleApp.csproj", "{32722DEF-FDB5-4A5F-8D5B-AD865A110972}"
EndProject
Project("{9A19103F-16F7-4668-BE54-9A1E7A4F7556}") = "DateOperator", "DateOperator\DateOperator.csproj", "{350ABECE-5EBF-47D8-8668-508C188CD85E}"
EndProject
Project("{9A19103F-16F7-4668-BE54-9A1E7A4F7556}") = "GoTo语句", "GoTo语句\GoTo语句.csproj", "{FD6FC84B-FD08-4DF7-99AF-7D4193AF17C5}"
EndProject
Project("{9A19103F-16F7-4668-BE54-9A1E7A4F7556}") = "LockTest", "LockTest\LockTest.csproj", "{F8F84C16-D6FC-476E-A080-194829680A86}"
EndProject
Project("{9A19103F-16F7-4668-BE54-9A1E7A4F7556}") = "WebClientTest", "WebClientTest\WebClientTest.csproj", "{2D28BAD7-4D7D-475F-99AE-CC6AB09B6B83}"
EndProject
Project("{9A19103F-16F7-4668-BE54-9A1E7A4F7556}") = "dockerTest", "dockerTest\dockerTest.csproj", "{0CA9D3F9-A0D3-4CB4-87E2-DE0BF659E405}"
EndProject
Project("{9A19103F-16F7-4668-BE54-9A1E7A4F7556}") = "EFTest", "EFTest\EFTest.csproj", "{348A3B77-3B36-4805-BAEA-8EE6234019F4}"
EndProject
Project("{2150E333-8FDC-42A3-9474-1A3956D46DE8}") = "src", "src", "{288058F7-FD78-49A6-B77C-B6D654D3B39D}"
EndProject
Project("{9A19103F-16F7-4668-BE54-9A1E7A4F7556}") = "DataAccess", "DataAccess\DataAccess.csproj", "{5FB37D73-F192-42ED-9806-31012C3D1874}"
EndProject
Project("{9A19103F-16F7-4668-BE54-9A1E7A4F7556}") = "ScoketTest", "ScoketTest\ScoketTest.csproj", "{B0A6EA20-E1FE-4E90-A22F-F1B9F4BB88F1}"
EndProject
Project("{9A19103F-16F7-4668-BE54-9A1E7A4F7556}") = "ExcelExport", "ExcelExport\ExcelExport.csproj", "{B119E462-D70D-4F9E-AEFA-AC8F9E435F0B}"
EndProject
Project("{9A19103F-16F7-4668-BE54-9A1E7A4F7556}") = "operxls", "operxls\operxls.csproj", "{7FA16BD6-9EA4-4DAC-BD4E-C9D894F3EBC8}"
EndProject
Project("{9A19103F-16F7-4668-BE54-9A1E7A4F7556}") = "Pupper", "Pupper\Pupper.csproj", "{18E3570E-309A-4BED-9365-E8EA77A88F4E}"
EndProject
Project("{9A19103F-16F7-4668-BE54-9A1E7A4F7556}") = "单例模式", "单例模式\单例模式.csproj", "{0454E3FC-EB44-4290-8B53-12908EC57C2C}"
EndProject
Project("{9A19103F-16F7-4668-BE54-9A1E7A4F7556}") = "ITextSharpDemo", "ITextSharpDemo\ITextSharpDemo.csproj", "{FA559D9A-9475-45DF-922E-439A31572397}"
EndProject
Project("{9A19103F-16F7-4668-BE54-9A1E7A4F7556}") = "Html2Pdf", "Html2Pdf\Html2Pdf.csproj", "{ABFB1E6C-5DAB-45EB-8702-DB2255EA24EC}"
EndProject
Project("{9A19103F-16F7-4668-BE54-9A1E7A4F7556}") = "HAPTest", "HAPTest\HAPTest.csproj", "{FE36B35D-5F37-4988-ABF9-478AFBDCC42C}"
EndProject
Project("{9A19103F-16F7-4668-BE54-9A1E7A4F7556}") = "UnitTestProject1", "UnitTestProject1\UnitTestProject1.csproj", "{7384A8C1-602F-424D-8AB1-71F2103DE351}"
EndProject
Project("{9A19103F-16F7-4668-BE54-9A1E7A4F7556}") = "OverrideTest", "OverrideTest\OverrideTest.csproj", "{9ED15A6E-8D42-4A8A-853D-A07C46557364}"
EndProject
Project("{FAE04EC0-301F-11D3-BF4B-00C04F79EFBC}") = "WpfExpenseIt", "WpfExpenseIt\WpfExpenseIt.csproj", "{9FB7367F-DC7F-4BDD-B68A-9863D5D26770}"
EndProject
Project("{FAE04EC0-301F-11D3-BF4B-00C04F79EFBC}") = "正则爬取图片", "正则爬取图片\正则爬取图片.csproj", "{C7C0D710-09DA-45B2-9834-0C827CDD7DDE}"
EndProject
Global
	GlobalSection(SolutionConfigurationPlatforms) = preSolution
		Debug|Any CPU = Debug|Any CPU
		Release|Any CPU = Release|Any CPU
	EndGlobalSection
	GlobalSection(ProjectConfigurationPlatforms) = postSolution
		{F501C887-7FDD-4D1A-9CD5-C586DC276F9E}.Debug|Any CPU.ActiveCfg = Debug|Any CPU
		{F501C887-7FDD-4D1A-9CD5-C586DC276F9E}.Debug|Any CPU.Build.0 = Debug|Any CPU
		{F501C887-7FDD-4D1A-9CD5-C586DC276F9E}.Release|Any CPU.ActiveCfg = Release|Any CPU
		{F501C887-7FDD-4D1A-9CD5-C586DC276F9E}.Release|Any CPU.Build.0 = Release|Any CPU
		{4E59DFCC-218B-4F0F-AA87-59C03C36C7A8}.Debug|Any CPU.ActiveCfg = Debug|Any CPU
		{4E59DFCC-218B-4F0F-AA87-59C03C36C7A8}.Debug|Any CPU.Build.0 = Debug|Any CPU
		{4E59DFCC-218B-4F0F-AA87-59C03C36C7A8}.Release|Any CPU.ActiveCfg = Release|Any CPU
		{4E59DFCC-218B-4F0F-AA87-59C03C36C7A8}.Release|Any CPU.Build.0 = Release|Any CPU
		{5AEB7BCE-A57C-4EEE-A1DF-21993DB410E5}.Debug|Any CPU.ActiveCfg = Debug|Any CPU
		{5AEB7BCE-A57C-4EEE-A1DF-21993DB410E5}.Debug|Any CPU.Build.0 = Debug|Any CPU
		{5AEB7BCE-A57C-4EEE-A1DF-21993DB410E5}.Release|Any CPU.ActiveCfg = Release|Any CPU
		{5AEB7BCE-A57C-4EEE-A1DF-21993DB410E5}.Release|Any CPU.Build.0 = Release|Any CPU
		{794E84D7-0D97-41FC-83DF-0787A41070B7}.Debug|Any CPU.ActiveCfg = Debug|Any CPU
		{794E84D7-0D97-41FC-83DF-0787A41070B7}.Debug|Any CPU.Build.0 = Debug|Any CPU
		{794E84D7-0D97-41FC-83DF-0787A41070B7}.Release|Any CPU.ActiveCfg = Release|Any CPU
		{794E84D7-0D97-41FC-83DF-0787A41070B7}.Release|Any CPU.Build.0 = Release|Any CPU
		{3167CAD0-94F1-420C-8708-F28BC977E293}.Debug|Any CPU.ActiveCfg = Debug|Any CPU
		{3167CAD0-94F1-420C-8708-F28BC977E293}.Debug|Any CPU.Build.0 = Debug|Any CPU
		{3167CAD0-94F1-420C-8708-F28BC977E293}.Release|Any CPU.ActiveCfg = Release|Any CPU
		{3167CAD0-94F1-420C-8708-F28BC977E293}.Release|Any CPU.Build.0 = Release|Any CPU
		{3E7E044F-03F9-4A36-B05E-66EF754F5F77}.Debug|Any CPU.ActiveCfg = Debug|Any CPU
		{3E7E044F-03F9-4A36-B05E-66EF754F5F77}.Debug|Any CPU.Build.0 = Debug|Any CPU
		{3E7E044F-03F9-4A36-B05E-66EF754F5F77}.Release|Any CPU.ActiveCfg = Release|Any CPU
		{3E7E044F-03F9-4A36-B05E-66EF754F5F77}.Release|Any CPU.Build.0 = Release|Any CPU
		{347BB900-FF76-4BB1-AFCA-608BEAFC02E2}.Debug|Any CPU.ActiveCfg = Debug|Any CPU
		{347BB900-FF76-4BB1-AFCA-608BEAFC02E2}.Debug|Any CPU.Build.0 = Debug|Any CPU
		{347BB900-FF76-4BB1-AFCA-608BEAFC02E2}.Release|Any CPU.ActiveCfg = Release|Any CPU
		{347BB900-FF76-4BB1-AFCA-608BEAFC02E2}.Release|Any CPU.Build.0 = Release|Any CPU
		{8196666E-EC41-42C3-AB2A-BA647D1AD110}.Debug|Any CPU.ActiveCfg = Debug|Any CPU
		{8196666E-EC41-42C3-AB2A-BA647D1AD110}.Debug|Any CPU.Build.0 = Debug|Any CPU
		{8196666E-EC41-42C3-AB2A-BA647D1AD110}.Release|Any CPU.ActiveCfg = Release|Any CPU
		{8196666E-EC41-42C3-AB2A-BA647D1AD110}.Release|Any CPU.Build.0 = Release|Any CPU
		{32722DEF-FDB5-4A5F-8D5B-AD865A110972}.Debug|Any CPU.ActiveCfg = Debug|Any CPU
		{32722DEF-FDB5-4A5F-8D5B-AD865A110972}.Debug|Any CPU.Build.0 = Debug|Any CPU
		{32722DEF-FDB5-4A5F-8D5B-AD865A110972}.Release|Any CPU.ActiveCfg = Release|Any CPU
		{32722DEF-FDB5-4A5F-8D5B-AD865A110972}.Release|Any CPU.Build.0 = Release|Any CPU
		{350ABECE-5EBF-47D8-8668-508C188CD85E}.Debug|Any CPU.ActiveCfg = Debug|Any CPU
		{350ABECE-5EBF-47D8-8668-508C188CD85E}.Debug|Any CPU.Build.0 = Debug|Any CPU
		{350ABECE-5EBF-47D8-8668-508C188CD85E}.Release|Any CPU.ActiveCfg = Release|Any CPU
		{350ABECE-5EBF-47D8-8668-508C188CD85E}.Release|Any CPU.Build.0 = Release|Any CPU
		{FD6FC84B-FD08-4DF7-99AF-7D4193AF17C5}.Debug|Any CPU.ActiveCfg = Debug|Any CPU
		{FD6FC84B-FD08-4DF7-99AF-7D4193AF17C5}.Debug|Any CPU.Build.0 = Debug|Any CPU
		{FD6FC84B-FD08-4DF7-99AF-7D4193AF17C5}.Release|Any CPU.ActiveCfg = Release|Any CPU
		{FD6FC84B-FD08-4DF7-99AF-7D4193AF17C5}.Release|Any CPU.Build.0 = Release|Any CPU
		{F8F84C16-D6FC-476E-A080-194829680A86}.Debug|Any CPU.ActiveCfg = Debug|Any CPU
		{F8F84C16-D6FC-476E-A080-194829680A86}.Debug|Any CPU.Build.0 = Debug|Any CPU
		{F8F84C16-D6FC-476E-A080-194829680A86}.Release|Any CPU.ActiveCfg = Release|Any CPU
		{F8F84C16-D6FC-476E-A080-194829680A86}.Release|Any CPU.Build.0 = Release|Any CPU
		{2D28BAD7-4D7D-475F-99AE-CC6AB09B6B83}.Debug|Any CPU.ActiveCfg = Debug|Any CPU
		{2D28BAD7-4D7D-475F-99AE-CC6AB09B6B83}.Debug|Any CPU.Build.0 = Debug|Any CPU
		{2D28BAD7-4D7D-475F-99AE-CC6AB09B6B83}.Release|Any CPU.ActiveCfg = Release|Any CPU
		{2D28BAD7-4D7D-475F-99AE-CC6AB09B6B83}.Release|Any CPU.Build.0 = Release|Any CPU
		{0CA9D3F9-A0D3-4CB4-87E2-DE0BF659E405}.Debug|Any CPU.ActiveCfg = Debug|Any CPU
		{0CA9D3F9-A0D3-4CB4-87E2-DE0BF659E405}.Debug|Any CPU.Build.0 = Debug|Any CPU
		{0CA9D3F9-A0D3-4CB4-87E2-DE0BF659E405}.Release|Any CPU.ActiveCfg = Release|Any CPU
		{0CA9D3F9-A0D3-4CB4-87E2-DE0BF659E405}.Release|Any CPU.Build.0 = Release|Any CPU
		{348A3B77-3B36-4805-BAEA-8EE6234019F4}.Debug|Any CPU.ActiveCfg = Debug|Any CPU
		{348A3B77-3B36-4805-BAEA-8EE6234019F4}.Debug|Any CPU.Build.0 = Debug|Any CPU
		{348A3B77-3B36-4805-BAEA-8EE6234019F4}.Release|Any CPU.ActiveCfg = Release|Any CPU
		{348A3B77-3B36-4805-BAEA-8EE6234019F4}.Release|Any CPU.Build.0 = Release|Any CPU
		{5FB37D73-F192-42ED-9806-31012C3D1874}.Debug|Any CPU.ActiveCfg = Debug|Any CPU
		{5FB37D73-F192-42ED-9806-31012C3D1874}.Debug|Any CPU.Build.0 = Debug|Any CPU
		{5FB37D73-F192-42ED-9806-31012C3D1874}.Release|Any CPU.ActiveCfg = Release|Any CPU
		{5FB37D73-F192-42ED-9806-31012C3D1874}.Release|Any CPU.Build.0 = Release|Any CPU
		{B0A6EA20-E1FE-4E90-A22F-F1B9F4BB88F1}.Debug|Any CPU.ActiveCfg = Debug|Any CPU
		{B0A6EA20-E1FE-4E90-A22F-F1B9F4BB88F1}.Debug|Any CPU.Build.0 = Debug|Any CPU
		{B0A6EA20-E1FE-4E90-A22F-F1B9F4BB88F1}.Release|Any CPU.ActiveCfg = Release|Any CPU
		{B0A6EA20-E1FE-4E90-A22F-F1B9F4BB88F1}.Release|Any CPU.Build.0 = Release|Any CPU
		{B119E462-D70D-4F9E-AEFA-AC8F9E435F0B}.Debug|Any CPU.ActiveCfg = Debug|Any CPU
		{B119E462-D70D-4F9E-AEFA-AC8F9E435F0B}.Debug|Any CPU.Build.0 = Debug|Any CPU
		{B119E462-D70D-4F9E-AEFA-AC8F9E435F0B}.Release|Any CPU.ActiveCfg = Release|Any CPU
		{B119E462-D70D-4F9E-AEFA-AC8F9E435F0B}.Release|Any CPU.Build.0 = Release|Any CPU
		{7FA16BD6-9EA4-4DAC-BD4E-C9D894F3EBC8}.Debug|Any CPU.ActiveCfg = Debug|Any CPU
		{7FA16BD6-9EA4-4DAC-BD4E-C9D894F3EBC8}.Debug|Any CPU.Build.0 = Debug|Any CPU
		{7FA16BD6-9EA4-4DAC-BD4E-C9D894F3EBC8}.Release|Any CPU.ActiveCfg = Release|Any CPU
		{7FA16BD6-9EA4-4DAC-BD4E-C9D894F3EBC8}.Release|Any CPU.Build.0 = Release|Any CPU
		{18E3570E-309A-4BED-9365-E8EA77A88F4E}.Debug|Any CPU.ActiveCfg = Debug|Any CPU
		{18E3570E-309A-4BED-9365-E8EA77A88F4E}.Debug|Any CPU.Build.0 = Debug|Any CPU
		{18E3570E-309A-4BED-9365-E8EA77A88F4E}.Release|Any CPU.ActiveCfg = Release|Any CPU
		{18E3570E-309A-4BED-9365-E8EA77A88F4E}.Release|Any CPU.Build.0 = Release|Any CPU
		{0454E3FC-EB44-4290-8B53-12908EC57C2C}.Debug|Any CPU.ActiveCfg = Debug|Any CPU
		{0454E3FC-EB44-4290-8B53-12908EC57C2C}.Debug|Any CPU.Build.0 = Debug|Any CPU
		{0454E3FC-EB44-4290-8B53-12908EC57C2C}.Release|Any CPU.ActiveCfg = Release|Any CPU
		{0454E3FC-EB44-4290-8B53-12908EC57C2C}.Release|Any CPU.Build.0 = Release|Any CPU
		{FA559D9A-9475-45DF-922E-439A31572397}.Debug|Any CPU.ActiveCfg = Debug|Any CPU
		{FA559D9A-9475-45DF-922E-439A31572397}.Debug|Any CPU.Build.0 = Debug|Any CPU
		{FA559D9A-9475-45DF-922E-439A31572397}.Release|Any CPU.ActiveCfg = Release|Any CPU
		{FA559D9A-9475-45DF-922E-439A31572397}.Release|Any CPU.Build.0 = Release|Any CPU
		{ABFB1E6C-5DAB-45EB-8702-DB2255EA24EC}.Debug|Any CPU.ActiveCfg = Debug|Any CPU
		{ABFB1E6C-5DAB-45EB-8702-DB2255EA24EC}.Debug|Any CPU.Build.0 = Debug|Any CPU
		{ABFB1E6C-5DAB-45EB-8702-DB2255EA24EC}.Release|Any CPU.ActiveCfg = Release|Any CPU
		{ABFB1E6C-5DAB-45EB-8702-DB2255EA24EC}.Release|Any CPU.Build.0 = Release|Any CPU
		{FE36B35D-5F37-4988-ABF9-478AFBDCC42C}.Debug|Any CPU.ActiveCfg = Debug|Any CPU
		{FE36B35D-5F37-4988-ABF9-478AFBDCC42C}.Debug|Any CPU.Build.0 = Debug|Any CPU
		{FE36B35D-5F37-4988-ABF9-478AFBDCC42C}.Release|Any CPU.ActiveCfg = Release|Any CPU
		{FE36B35D-5F37-4988-ABF9-478AFBDCC42C}.Release|Any CPU.Build.0 = Release|Any CPU
		{7384A8C1-602F-424D-8AB1-71F2103DE351}.Debug|Any CPU.ActiveCfg = Debug|Any CPU
		{7384A8C1-602F-424D-8AB1-71F2103DE351}.Debug|Any CPU.Build.0 = Debug|Any CPU
		{7384A8C1-602F-424D-8AB1-71F2103DE351}.Release|Any CPU.ActiveCfg = Release|Any CPU
		{7384A8C1-602F-424D-8AB1-71F2103DE351}.Release|Any CPU.Build.0 = Release|Any CPU
		{9ED15A6E-8D42-4A8A-853D-A07C46557364}.Debug|Any CPU.ActiveCfg = Debug|Any CPU
		{9ED15A6E-8D42-4A8A-853D-A07C46557364}.Debug|Any CPU.Build.0 = Debug|Any CPU
		{9ED15A6E-8D42-4A8A-853D-A07C46557364}.Release|Any CPU.ActiveCfg = Release|Any CPU
		{9ED15A6E-8D42-4A8A-853D-A07C46557364}.Release|Any CPU.Build.0 = Release|Any CPU
		{9FB7367F-DC7F-4BDD-B68A-9863D5D26770}.Debug|Any CPU.ActiveCfg = Debug|Any CPU
		{9FB7367F-DC7F-4BDD-B68A-9863D5D26770}.Debug|Any CPU.Build.0 = Debug|Any CPU
		{9FB7367F-DC7F-4BDD-B68A-9863D5D26770}.Release|Any CPU.ActiveCfg = Release|Any CPU
		{9FB7367F-DC7F-4BDD-B68A-9863D5D26770}.Release|Any CPU.Build.0 = Release|Any CPU
		{C7C0D710-09DA-45B2-9834-0C827CDD7DDE}.Debug|Any CPU.ActiveCfg = Debug|Any CPU
		{C7C0D710-09DA-45B2-9834-0C827CDD7DDE}.Debug|Any CPU.Build.0 = Debug|Any CPU
		{C7C0D710-09DA-45B2-9834-0C827CDD7DDE}.Release|Any CPU.ActiveCfg = Release|Any CPU
		{C7C0D710-09DA-45B2-9834-0C827CDD7DDE}.Release|Any CPU.Build.0 = Release|Any CPU
	EndGlobalSection
	GlobalSection(SolutionProperties) = preSolution
		HideSolutionNode = FALSE
	EndGlobalSection
	GlobalSection(NestedProjects) = preSolution
		{5FB37D73-F192-42ED-9806-31012C3D1874} = {288058F7-FD78-49A6-B77C-B6D654D3B39D}
	EndGlobalSection
	GlobalSection(ExtensibilityGlobals) = postSolution
		SolutionGuid = {651CA7D9-9E3E-4AB8-8D30-2CDFFF6D9714}
	EndGlobalSection
EndGlobal
