
Microsoft Visual Studio Solution File, Format Version 12.00
# Visual Studio 15
VisualStudioVersion = 15.0.28307.329
MinimumVisualStudioVersion = 10.0.40219.1
Project("{9A19103F-16F7-4668-BE54-9A1E7A4F7556}") = "递归", "递归\递归.csproj", "{F501C887-7FDD-4D1A-9CD5-C586DC276F9E}"
EndProject
Project("{9A19103F-16F7-4668-BE54-9A1E7A4F7556}") = "控制台读取配置文件", "控制台读取配置文件\控制台读取配置文件.csproj", "{4E59DFCC-218B-4F0F-AA87-59C03C36C7A8}"
EndProject
Project("{9A19103F-16F7-4668-BE54-9A1E7A4F7556}") = "随机分配红包金额", "随机分配红包金额\随机分配红包金额.csproj", "{5AEB7BCE-A57C-4EEE-A1DF-21993DB410E5}"
EndProject
Project("{9A19103F-16F7-4668-BE54-9A1E7A4F7556}") = "ConsoleAppTest", "ConsoleAppTest\ConsoleAppTest.csproj", "{794E84D7-0D97-41FC-83DF-0787A41070B7}"
EndProject
Project("{9A19103F-16F7-4668-BE54-9A1E7A4F7556}") = "async_await", "async_await\async_await.csproj", "{3167CAD0-94F1-420C-8708-F28BC977E293}"
EndProject
Project("{9A19103F-16F7-4668-BE54-9A1E7A4F7556}") = "MemeryCacheApi", "MemeryCacheApi\MemeryCacheApi.csproj", "{3E7E044F-03F9-4A36-B05E-66EF754F5F77}"
EndProject
Project("{9A19103F-16F7-4668-BE54-9A1E7A4F7556}") = "myMLApp", "myMLApp\myMLApp.csproj", "{347BB900-FF76-4BB1-AFCA-608BEAFC02E2}"
EndProject
Project("{9A19103F-16F7-4668-BE54-9A1E7A4F7556}") = "LearnDemo3ML.Model", "LearnDemo3ML.Model\LearnDemo3ML.Model.csproj", "{8196666E-EC41-42C3-AB2A-BA647D1AD110}"
EndProject
Project("{9A19103F-16F7-4668-BE54-9A1E7A4F7556}") = "LearnDemo3ML.ConsoleApp", "LearnDemo3ML.ConsoleApp\LearnDemo3ML.ConsoleApp.csproj", "{32722DEF-FDB5-4A5F-8D5B-AD865A110972}"
EndProject
Project("{9A19103F-16F7-4668-BE54-9A1E7A4F7556}") = "DateOperator", "DateOperator\DateOperator.csproj", "{350ABECE-5EBF-47D8-8668-508C188CD85E}"
EndProject
Project("{FAE04EC0-301F-11D3-BF4B-00C04F79EFBC}") = "GoTo语句", "GoTo语句\GoTo语句.csproj", "{FD6FC84B-FD08-4DF7-99AF-7D4193AF17C5}"
EndProject
Project("{9A19103F-16F7-4668-BE54-9A1E7A4F7556}") = "LockTest", "LockTest\LockTest.csproj", "{F8F84C16-D6FC-476E-A080-194829680A86}"
EndProject
Project("{9A19103F-16F7-4668-BE54-9A1E7A4F7556}") = "WebClientTest", "WebClientTest\WebClientTest.csproj", "{2D28BAD7-4D7D-475F-99AE-CC6AB09B6B83}"
EndProject
Global
	GlobalSection(SolutionConfigurationPlatforms) = preSolution
		Debug|Any CPU = Debug|Any CPU
		Release|Any CPU = Release|Any CPU
	EndGlobalSection
	GlobalSection(ProjectConfigurationPlatforms) = postSolution
		{F501C887-7FDD-4D1A-9CD5-C586DC276F9E}.Debug|Any CPU.ActiveCfg = Debug|Any CPU
		{F501C887-7FDD-4D1A-9CD5-C586DC276F9E}.Debug|Any CPU.Build.0 = Debug|Any CPU
		{F501C887-7FDD-4D1A-9CD5-C586DC276F9E}.Release|Any CPU.ActiveCfg = Release|Any CPU
		{F501C887-7FDD-4D1A-9CD5-C586DC276F9E}.Release|Any CPU.Build.0 = Release|Any CPU
		{4E59DFCC-218B-4F0F-AA87-59C03C36C7A8}.Debug|Any CPU.ActiveCfg = Debug|Any CPU
		{4E59DFCC-218B-4F0F-AA87-59C03C36C7A8}.Debug|Any CPU.Build.0 = Debug|Any CPU
		{4E59DFCC-218B-4F0F-AA87-59C03C36C7A8}.Release|Any CPU.ActiveCfg = Release|Any CPU
		{4E59DFCC-218B-4F0F-AA87-59C03C36C7A8}.Release|Any CPU.Build.0 = Release|Any CPU
		{5AEB7BCE-A57C-4EEE-A1DF-21993DB410E5}.Debug|Any CPU.ActiveCfg = Debug|Any CPU
		{5AEB7BCE-A57C-4EEE-A1DF-21993DB410E5}.Debug|Any CPU.Build.0 = Debug|Any CPU
		{5AEB7BCE-A57C-4EEE-A1DF-21993DB410E5}.Release|Any CPU.ActiveCfg = Release|Any CPU
		{5AEB7BCE-A57C-4EEE-A1DF-21993DB410E5}.Release|Any CPU.Build.0 = Release|Any CPU
		{794E84D7-0D97-41FC-83DF-0787A41070B7}.Debug|Any CPU.ActiveCfg = Debug|Any CPU
		{794E84D7-0D97-41FC-83DF-0787A41070B7}.Debug|Any CPU.Build.0 = Debug|Any CPU
		{794E84D7-0D97-41FC-83DF-0787A41070B7}.Release|Any CPU.ActiveCfg = Release|Any CPU
		{794E84D7-0D97-41FC-83DF-0787A41070B7}.Release|Any CPU.Build.0 = Release|Any CPU
		{3167CAD0-94F1-420C-8708-F28BC977E293}.Debug|Any CPU.ActiveCfg = Debug|Any CPU
		{3167CAD0-94F1-420C-8708-F28BC977E293}.Debug|Any CPU.Build.0 = Debug|Any CPU
		{3167CAD0-94F1-420C-8708-F28BC977E293}.Release|Any CPU.ActiveCfg = Release|Any CPU
		{3167CAD0-94F1-420C-8708-F28BC977E293}.Release|Any CPU.Build.0 = Release|Any CPU
		{3E7E044F-03F9-4A36-B05E-66EF754F5F77}.Debug|Any CPU.ActiveCfg = Debug|Any CPU
		{3E7E044F-03F9-4A36-B05E-66EF754F5F77}.Debug|Any CPU.Build.0 = Debug|Any CPU
		{3E7E044F-03F9-4A36-B05E-66EF754F5F77}.Release|Any CPU.ActiveCfg = Release|Any CPU
		{3E7E044F-03F9-4A36-B05E-66EF754F5F77}.Release|Any CPU.Build.0 = Release|Any CPU
		{347BB900-FF76-4BB1-AFCA-608BEAFC02E2}.Debug|Any CPU.ActiveCfg = Debug|Any CPU
		{347BB900-FF76-4BB1-AFCA-608BEAFC02E2}.Debug|Any CPU.Build.0 = Debug|Any CPU
		{347BB900-FF76-4BB1-AFCA-608BEAFC02E2}.Release|Any CPU.ActiveCfg = Release|Any CPU
		{347BB900-FF76-4BB1-AFCA-608BEAFC02E2}.Release|Any CPU.Build.0 = Release|Any CPU
		{8196666E-EC41-42C3-AB2A-BA647D1AD110}.Debug|Any CPU.ActiveCfg = Debug|Any CPU
		{8196666E-EC41-42C3-AB2A-BA647D1AD110}.Debug|Any CPU.Build.0 = Debug|Any CPU
		{8196666E-EC41-42C3-AB2A-BA647D1AD110}.Release|Any CPU.ActiveCfg = Release|Any CPU
		{8196666E-EC41-42C3-AB2A-BA647D1AD110}.Release|Any CPU.Build.0 = Release|Any CPU
		{32722DEF-FDB5-4A5F-8D5B-AD865A110972}.Debug|Any CPU.ActiveCfg = Debug|Any CPU
		{32722DEF-FDB5-4A5F-8D5B-AD865A110972}.Debug|Any CPU.Build.0 = Debug|Any CPU
		{32722DEF-FDB5-4A5F-8D5B-AD865A110972}.Release|Any CPU.ActiveCfg = Release|Any CPU
		{32722DEF-FDB5-4A5F-8D5B-AD865A110972}.Release|Any CPU.Build.0 = Release|Any CPU
		{350ABECE-5EBF-47D8-8668-508C188CD85E}.Debug|Any CPU.ActiveCfg = Debug|Any CPU
		{350ABECE-5EBF-47D8-8668-508C188CD85E}.Debug|Any CPU.Build.0 = Debug|Any CPU
		{350ABECE-5EBF-47D8-8668-508C188CD85E}.Release|Any CPU.ActiveCfg = Release|Any CPU
		{350ABECE-5EBF-47D8-8668-508C188CD85E}.Release|Any CPU.Build.0 = Release|Any CPU
		{FD6FC84B-FD08-4DF7-99AF-7D4193AF17C5}.Debug|Any CPU.ActiveCfg = Debug|Any CPU
		{FD6FC84B-FD08-4DF7-99AF-7D4193AF17C5}.Debug|Any CPU.Build.0 = Debug|Any CPU
		{FD6FC84B-FD08-4DF7-99AF-7D4193AF17C5}.Release|Any CPU.ActiveCfg = Release|Any CPU
		{FD6FC84B-FD08-4DF7-99AF-7D4193AF17C5}.Release|Any CPU.Build.0 = Release|Any CPU
		{F8F84C16-D6FC-476E-A080-194829680A86}.Debug|Any CPU.ActiveCfg = Debug|Any CPU
		{F8F84C16-D6FC-476E-A080-194829680A86}.Debug|Any CPU.Build.0 = Debug|Any CPU
		{F8F84C16-D6FC-476E-A080-194829680A86}.Release|Any CPU.ActiveCfg = Release|Any CPU
		{F8F84C16-D6FC-476E-A080-194829680A86}.Release|Any CPU.Build.0 = Release|Any CPU
		{2D28BAD7-4D7D-475F-99AE-CC6AB09B6B83}.Debug|Any CPU.ActiveCfg = Debug|Any CPU
		{2D28BAD7-4D7D-475F-99AE-CC6AB09B6B83}.Debug|Any CPU.Build.0 = Debug|Any CPU
		{2D28BAD7-4D7D-475F-99AE-CC6AB09B6B83}.Release|Any CPU.ActiveCfg = Release|Any CPU
		{2D28BAD7-4D7D-475F-99AE-CC6AB09B6B83}.Release|Any CPU.Build.0 = Release|Any CPU
	EndGlobalSection
	GlobalSection(SolutionProperties) = preSolution
		HideSolutionNode = FALSE
	EndGlobalSection
	GlobalSection(ExtensibilityGlobals) = postSolution
		SolutionGuid = {651CA7D9-9E3E-4AB8-8D30-2CDFFF6D9714}
	EndGlobalSection
EndGlobal
