
Microsoft Visual Studio Solution File, Format Version 12.00
# Visual Studio 15
VisualStudioVersion = 15.0.28307.329
MinimumVisualStudioVersion = 10.0.40219.1
Project("{9A19103F-16F7-4668-BE54-9A1E7A4F7556}") = "递归", "递归\递归.csproj", "{F501C887-7FDD-4D1A-9CD5-C586DC276F9E}"
EndProject
Project("{9A19103F-16F7-4668-BE54-9A1E7A4F7556}") = "控制台读取配置文件", "控制台读取配置文件\控制台读取配置文件.csproj", "{4E59DFCC-218B-4F0F-AA87-59C03C36C7A8}"
EndProject
Project("{FAE04EC0-301F-11D3-BF4B-00C04F79EFBC}") = "随机分配红包金额", "随机分配红包金额\随机分配红包金额.csproj", "{5AEB7BCE-A57C-4EEE-A1DF-21993DB410E5}"
EndProject
Global
	GlobalSection(SolutionConfigurationPlatforms) = preSolution
		Debug|Any CPU = Debug|Any CPU
		Release|Any CPU = Release|Any CPU
	EndGlobalSection
	GlobalSection(ProjectConfigurationPlatforms) = postSolution
		{F501C887-7FDD-4D1A-9CD5-C586DC276F9E}.Debug|Any CPU.ActiveCfg = Debug|Any CPU
		{F501C887-7FDD-4D1A-9CD5-C586DC276F9E}.Debug|Any CPU.Build.0 = Debug|Any CPU
		{F501C887-7FDD-4D1A-9CD5-C586DC276F9E}.Release|Any CPU.ActiveCfg = Release|Any CPU
		{F501C887-7FDD-4D1A-9CD5-C586DC276F9E}.Release|Any CPU.Build.0 = Release|Any CPU
		{4E59DFCC-218B-4F0F-AA87-59C03C36C7A8}.Debug|Any CPU.ActiveCfg = Debug|Any CPU
		{4E59DFCC-218B-4F0F-AA87-59C03C36C7A8}.Debug|Any CPU.Build.0 = Debug|Any CPU
		{4E59DFCC-218B-4F0F-AA87-59C03C36C7A8}.Release|Any CPU.ActiveCfg = Release|Any CPU
		{4E59DFCC-218B-4F0F-AA87-59C03C36C7A8}.Release|Any CPU.Build.0 = Release|Any CPU
		{5AEB7BCE-A57C-4EEE-A1DF-21993DB410E5}.Debug|Any CPU.ActiveCfg = Debug|Any CPU
		{5AEB7BCE-A57C-4EEE-A1DF-21993DB410E5}.Debug|Any CPU.Build.0 = Debug|Any CPU
		{5AEB7BCE-A57C-4EEE-A1DF-21993DB410E5}.Release|Any CPU.ActiveCfg = Release|Any CPU
		{5AEB7BCE-A57C-4EEE-A1DF-21993DB410E5}.Release|Any CPU.Build.0 = Release|Any CPU
	EndGlobalSection
	GlobalSection(SolutionProperties) = preSolution
		HideSolutionNode = FALSE
	EndGlobalSection
	GlobalSection(ExtensibilityGlobals) = postSolution
		SolutionGuid = {651CA7D9-9E3E-4AB8-8D30-2CDFFF6D9714}
	EndGlobalSection
EndGlobal
